
Microsoft Visual Studio Solution File, Format Version 12.00
# Visual Studio 2012
Project("{FAE04EC0-301F-11D3-BF4B-00C04F79EFBC}") = "MyContacts.iOS", "MyContacts.iOS\MyContacts.iOS.csproj", "{E011DE5F-22C5-4F9B-85F3-C4C1CFC245CB}"
EndProject
Global
	GlobalSection(SolutionConfigurationPlatforms) = preSolution
		Debug|iPhoneSimulator = Debug|iPhoneSimulator
		Release|iPhone = Release|iPhone
		Release|iPhoneSimulator = Release|iPhoneSimulator
		Debug|iPhone = Debug|iPhone
	EndGlobalSection
	GlobalSection(ProjectConfigurationPlatforms) = postSolution
		{E011DE5F-22C5-4F9B-85F3-C4C1CFC245CB}.Debug|iPhoneSimulator.ActiveCfg = Debug|iPhoneSimulator
		{E011DE5F-22C5-4F9B-85F3-C4C1CFC245CB}.Debug|iPhoneSimulator.Build.0 = Debug|iPhoneSimulator
		{E011DE5F-22C5-4F9B-85F3-C4C1CFC245CB}.Release|iPhone.ActiveCfg = Release|iPhone
		{E011DE5F-22C5-4F9B-85F3-C4C1CFC245CB}.Release|iPhone.Build.0 = Release|iPhone
		{E011DE5F-22C5-4F9B-85F3-C4C1CFC245CB}.Release|iPhoneSimulator.ActiveCfg = Release|iPhoneSimulator
		{E011DE5F-22C5-4F9B-85F3-C4C1CFC245CB}.Release|iPhoneSimulator.Build.0 = Release|iPhoneSimulator
		{E011DE5F-22C5-4F9B-85F3-C4C1CFC245CB}.Debug|iPhone.ActiveCfg = Debug|iPhone
		{E011DE5F-22C5-4F9B-85F3-C4C1CFC245CB}.Debug|iPhone.Build.0 = Debug|iPhone
	EndGlobalSection
EndGlobal
